
Microsoft Visual Studio Solution File, Format Version 12.00
# Visual Studio 2013
VisualStudioVersion = 12.0.31101.0
MinimumVisualStudioVersion = 10.0.40219.1
Project("{FAE04EC0-301F-11D3-BF4B-00C04F79EFBC}") = "SiloHost1", "SiloHost1\SiloHost1.csproj", "{D092B597-C6D4-4D23-AF30-94FF48EF9806}"
EndProject
Project("{FAE04EC0-301F-11D3-BF4B-00C04F79EFBC}") = "GrainCollection1", "GrainCollection1\GrainCollection1.csproj", "{54DA1C2F-4C7A-44D6-82BD-E43773DFEF62}"
EndProject
Project("{FAE04EC0-301F-11D3-BF4B-00C04F79EFBC}") = "MyGrainInterfaces1", "MyGrainInterfaces1\MyGrainInterfaces1.csproj", "{17BFA8E2-2837-422F-ACC1-8C7DEB20EFFB}"
EndProject
Global
	GlobalSection(SolutionConfigurationPlatforms) = preSolution
		Debug|Any CPU = Debug|Any CPU
		Release|Any CPU = Release|Any CPU
	EndGlobalSection
	GlobalSection(ProjectConfigurationPlatforms) = postSolution
		{D092B597-C6D4-4D23-AF30-94FF48EF9806}.Debug|Any CPU.ActiveCfg = Debug|Any CPU
		{D092B597-C6D4-4D23-AF30-94FF48EF9806}.Debug|Any CPU.Build.0 = Debug|Any CPU
		{D092B597-C6D4-4D23-AF30-94FF48EF9806}.Release|Any CPU.ActiveCfg = Release|Any CPU
		{D092B597-C6D4-4D23-AF30-94FF48EF9806}.Release|Any CPU.Build.0 = Release|Any CPU
		{54DA1C2F-4C7A-44D6-82BD-E43773DFEF62}.Debug|Any CPU.ActiveCfg = Debug|Any CPU
		{54DA1C2F-4C7A-44D6-82BD-E43773DFEF62}.Debug|Any CPU.Build.0 = Debug|Any CPU
		{54DA1C2F-4C7A-44D6-82BD-E43773DFEF62}.Release|Any CPU.ActiveCfg = Release|Any CPU
		{54DA1C2F-4C7A-44D6-82BD-E43773DFEF62}.Release|Any CPU.Build.0 = Release|Any CPU
		{17BFA8E2-2837-422F-ACC1-8C7DEB20EFFB}.Debug|Any CPU.ActiveCfg = Debug|Any CPU
		{17BFA8E2-2837-422F-ACC1-8C7DEB20EFFB}.Debug|Any CPU.Build.0 = Debug|Any CPU
		{17BFA8E2-2837-422F-ACC1-8C7DEB20EFFB}.Release|Any CPU.ActiveCfg = Release|Any CPU
		{17BFA8E2-2837-422F-ACC1-8C7DEB20EFFB}.Release|Any CPU.Build.0 = Release|Any CPU
	EndGlobalSection
	GlobalSection(SolutionProperties) = preSolution
		HideSolutionNode = FALSE
	EndGlobalSection
EndGlobal
